
Microsoft Visual Studio Solution File, Format Version 12.00
# Visual Studio Version 17
VisualStudioVersion = 17.2.32516.85
MinimumVisualStudioVersion = 10.0.40219.1
Project("{FAE04EC0-301F-11D3-BF4B-00C04F79EFBC}") = "BellurbisProjectApi", "BellurbisProjectApi\BellurbisProjectApi.csproj", "{A7F55682-689C-4DC6-85E2-3E9A243F747E}"
EndProject
Global
	GlobalSection(SolutionConfigurationPlatforms) = preSolution
		Debug|Any CPU = Debug|Any CPU
		Release|Any CPU = Release|Any CPU
	EndGlobalSection
	GlobalSection(ProjectConfigurationPlatforms) = postSolution
		{A7F55682-689C-4DC6-85E2-3E9A243F747E}.Debug|Any CPU.ActiveCfg = Debug|Any CPU
		{A7F55682-689C-4DC6-85E2-3E9A243F747E}.Debug|Any CPU.Build.0 = Debug|Any CPU
		{A7F55682-689C-4DC6-85E2-3E9A243F747E}.Release|Any CPU.ActiveCfg = Release|Any CPU
		{A7F55682-689C-4DC6-85E2-3E9A243F747E}.Release|Any CPU.Build.0 = Release|Any CPU
	EndGlobalSection
	GlobalSection(SolutionProperties) = preSolution
		HideSolutionNode = FALSE
	EndGlobalSection
	GlobalSection(ExtensibilityGlobals) = postSolution
		SolutionGuid = {70CBFD0B-3ABB-4F43-8768-6BAC626A9BFE}
	EndGlobalSection
EndGlobal
