
Microsoft Visual Studio Solution File, Format Version 12.00
# Visual Studio Version 17
VisualStudioVersion = 17.2.32516.85
MinimumVisualStudioVersion = 10.0.40219.1
Project("{9A19103F-16F7-4668-BE54-9A1E7A4F7556}") = "BellurbisProjectApi", "BellurbisProjectApi\BellurbisProjectApi.csproj", "{A7F55682-689C-4DC6-85E2-3E9A243F747E}"
EndProject
Project("{2150E333-8FDC-42A3-9474-1A3956D46DE8}") = "Solution Items", "Solution Items", "{3EC1D588-9375-4918-9783-7AF7BD59778C}"
	ProjectSection(SolutionItems) = preProject
		.editorconfig = .editorconfig
	EndProjectSection
EndProject
Global
	GlobalSection(SolutionConfigurationPlatforms) = preSolution
		Debug|Any CPU = Debug|Any CPU
		Release|Any CPU = Release|Any CPU
	EndGlobalSection
	GlobalSection(ProjectConfigurationPlatforms) = postSolution
		{A7F55682-689C-4DC6-85E2-3E9A243F747E}.Debug|Any CPU.ActiveCfg = Debug|Any CPU
		{A7F55682-689C-4DC6-85E2-3E9A243F747E}.Debug|Any CPU.Build.0 = Debug|Any CPU
		{A7F55682-689C-4DC6-85E2-3E9A243F747E}.Release|Any CPU.ActiveCfg = Release|Any CPU
		{A7F55682-689C-4DC6-85E2-3E9A243F747E}.Release|Any CPU.Build.0 = Release|Any CPU
	EndGlobalSection
	GlobalSection(SolutionProperties) = preSolution
		HideSolutionNode = FALSE
	EndGlobalSection
	GlobalSection(ExtensibilityGlobals) = postSolution
		SolutionGuid = {70CBFD0B-3ABB-4F43-8768-6BAC626A9BFE}
	EndGlobalSection
EndGlobal
